
Microsoft Visual Studio Solution File, Format Version 11.00
# Visual Studio 2010
Project("{FAE04EC0-301F-11D3-BF4B-00C04F79EFBC}") = "KartGame", "KartGame.csproj", "{ad934e54-0e94-aaef-f963-5657272e0a0d}"
EndProject
Project("{FAE04EC0-301F-11D3-BF4B-00C04F79EFBC}") = "KartGame.AI", "KartGame.AI.csproj", "{c648ded1-49cf-99c4-0dbc-98b67d31be80}"
EndProject
Project("{FAE04EC0-301F-11D3-BF4B-00C04F79EFBC}") = "BezierSolution.Runtime", "BezierSolution.Runtime.csproj", "{4546799d-58f0-63d3-6333-424a88154553}"
EndProject
Project("{FAE04EC0-301F-11D3-BF4B-00C04F79EFBC}") = "Assembly-CSharp", "Assembly-CSharp.csproj", "{da91136c-1f3d-9e96-b35c-7cd40cbc3075}"
EndProject
Project("{FAE04EC0-301F-11D3-BF4B-00C04F79EFBC}") = "BezierSolution.Editor", "BezierSolution.Editor.csproj", "{81f1b3e8-a0c2-e2e7-5acf-0a7ac9b2270d}"
EndProject
Project("{FAE04EC0-301F-11D3-BF4B-00C04F79EFBC}") = "Unity.Microgame.Tutorials", "Unity.Microgame.Tutorials.csproj", "{60657ea3-c0ff-3c44-3b2f-603580d4bb98}"
EndProject
Project("{FAE04EC0-301F-11D3-BF4B-00C04F79EFBC}") = "KartGame.AI.Editor", "KartGame.AI.Editor.csproj", "{b07ca588-9070-f4f8-0055-c5ac84766c56}"
EndProject
Project("{FAE04EC0-301F-11D3-BF4B-00C04F79EFBC}") = "KartGame.Editor", "KartGame.Editor.csproj", "{8efcfdf6-e021-bdaa-a7cf-91d2feee0e14}"
EndProject
Project("{FAE04EC0-301F-11D3-BF4B-00C04F79EFBC}") = "Unity.Karting.Tutorials", "Unity.Karting.Tutorials.csproj", "{44b2d4d9-c1b5-1306-b063-4e4b3c152d60}"
EndProject
Global
	GlobalSection(SolutionConfigurationPlatforms) = preSolution
		Debug|Any CPU = Debug|Any CPU
	EndGlobalSection
	GlobalSection(ProjectConfigurationPlatforms) = postSolution
		{ad934e54-0e94-aaef-f963-5657272e0a0d}.Debug|Any CPU.ActiveCfg = Debug|Any CPU
		{ad934e54-0e94-aaef-f963-5657272e0a0d}.Debug|Any CPU.Build.0 = Debug|Any CPU
		{c648ded1-49cf-99c4-0dbc-98b67d31be80}.Debug|Any CPU.ActiveCfg = Debug|Any CPU
		{c648ded1-49cf-99c4-0dbc-98b67d31be80}.Debug|Any CPU.Build.0 = Debug|Any CPU
		{4546799d-58f0-63d3-6333-424a88154553}.Debug|Any CPU.ActiveCfg = Debug|Any CPU
		{4546799d-58f0-63d3-6333-424a88154553}.Debug|Any CPU.Build.0 = Debug|Any CPU
		{da91136c-1f3d-9e96-b35c-7cd40cbc3075}.Debug|Any CPU.ActiveCfg = Debug|Any CPU
		{da91136c-1f3d-9e96-b35c-7cd40cbc3075}.Debug|Any CPU.Build.0 = Debug|Any CPU
		{81f1b3e8-a0c2-e2e7-5acf-0a7ac9b2270d}.Debug|Any CPU.ActiveCfg = Debug|Any CPU
		{81f1b3e8-a0c2-e2e7-5acf-0a7ac9b2270d}.Debug|Any CPU.Build.0 = Debug|Any CPU
		{60657ea3-c0ff-3c44-3b2f-603580d4bb98}.Debug|Any CPU.ActiveCfg = Debug|Any CPU
		{60657ea3-c0ff-3c44-3b2f-603580d4bb98}.Debug|Any CPU.Build.0 = Debug|Any CPU
		{b07ca588-9070-f4f8-0055-c5ac84766c56}.Debug|Any CPU.ActiveCfg = Debug|Any CPU
		{b07ca588-9070-f4f8-0055-c5ac84766c56}.Debug|Any CPU.Build.0 = Debug|Any CPU
		{8efcfdf6-e021-bdaa-a7cf-91d2feee0e14}.Debug|Any CPU.ActiveCfg = Debug|Any CPU
		{8efcfdf6-e021-bdaa-a7cf-91d2feee0e14}.Debug|Any CPU.Build.0 = Debug|Any CPU
		{44b2d4d9-c1b5-1306-b063-4e4b3c152d60}.Debug|Any CPU.ActiveCfg = Debug|Any CPU
		{44b2d4d9-c1b5-1306-b063-4e4b3c152d60}.Debug|Any CPU.Build.0 = Debug|Any CPU
	EndGlobalSection
	GlobalSection(SolutionProperties) = preSolution
		HideSolutionNode = FALSE
	EndGlobalSection
EndGlobal
